
Microsoft Visual Studio Solution File, Format Version 12.00
# Visual Studio 15
VisualStudioVersion = 15.0.27703.2047
MinimumVisualStudioVersion = 10.0.40219.1
Project("{9A19103F-16F7-4668-BE54-9A1E7A4F7556}") = "thZero.NetCore.Library.Data", "thZero.NetCore.Library.Data.csproj", "{BEA7A0D1-CC4E-4E0E-8D4B-C7A9733E30C9}"
EndProject
Project("{9A19103F-16F7-4668-BE54-9A1E7A4F7556}") = "thZero.NetCore.Library", "..\thZero.NetCore.Library\thZero.NetCore.Library.csproj", "{FC50AA31-3D69-4BB5-A3CA-3BDFD280801B}"
EndProject
Global
	GlobalSection(SolutionConfigurationPlatforms) = preSolution
		Debug|Any CPU = Debug|Any CPU
		Release|Any CPU = Release|Any CPU
	EndGlobalSection
	GlobalSection(ProjectConfigurationPlatforms) = postSolution
		{BEA7A0D1-CC4E-4E0E-8D4B-C7A9733E30C9}.Debug|Any CPU.ActiveCfg = Debug|Any CPU
		{BEA7A0D1-CC4E-4E0E-8D4B-C7A9733E30C9}.Debug|Any CPU.Build.0 = Debug|Any CPU
		{BEA7A0D1-CC4E-4E0E-8D4B-C7A9733E30C9}.Release|Any CPU.ActiveCfg = Release|Any CPU
		{BEA7A0D1-CC4E-4E0E-8D4B-C7A9733E30C9}.Release|Any CPU.Build.0 = Release|Any CPU
		{FC50AA31-3D69-4BB5-A3CA-3BDFD280801B}.Debug|Any CPU.ActiveCfg = Debug|Any CPU
		{FC50AA31-3D69-4BB5-A3CA-3BDFD280801B}.Debug|Any CPU.Build.0 = Debug|Any CPU
		{FC50AA31-3D69-4BB5-A3CA-3BDFD280801B}.Release|Any CPU.ActiveCfg = Release|Any CPU
		{FC50AA31-3D69-4BB5-A3CA-3BDFD280801B}.Release|Any CPU.Build.0 = Release|Any CPU
	EndGlobalSection
	GlobalSection(SolutionProperties) = preSolution
		HideSolutionNode = FALSE
	EndGlobalSection
	GlobalSection(ExtensibilityGlobals) = postSolution
		SolutionGuid = {B3E1DA89-92E4-4B17-B12D-EA79E79EE4DC}
	EndGlobalSection
EndGlobal
